{
    "version": "0.5",
    "requires": [
        "vulkan-memory-allocator/3.3.0#5393b5bc9a6b8a2fb9612df877706608%1761667136.618",
        "vulkan-headers/1.4.350.0#40281e91ad8723fb102e36396da35409%1778774701.016",
        "tl-function-ref/1.0.0#8efcfa342c5169b3c260a290257d7eee%1685725656.215",
        "spdlog/1.17.0#bcbaaf7147bda6ad24ffbd1ac3d7142c%1767636069.964",
        "simdjson/3.13.0#cb9047537c259c8d78e1c7a03d44e923%1755520675.22",
        "opengl/system#cfcf523b9d2bad75cbf377f56562634c%1762526044.744",
        "magic_enum/0.9.7#a67beaf011152f3d3af1a366975b1a1b%1732006816.943",
        "glm/1.0.1#c0f71fade2e9abf19fba94615b2243ae%1781764384.671",
        "glfw/3.4#41cc24c744dc4c80571f5dd10dcd9cda%1732635892.515",
        "fmt/12.1.0#50abab23274d56bb8f42c94b3b9a40c7%1761885265.231",
        "fastgltf/0.9.0#af8b34e3a5ba67aebfafe33b189eaf62%1755516102.829",
        "catch2/3.15.0#dad1ca2786e3f2c80129053a4ddc094f%1779369722.174"
    ],
    "build_requires": [
        "cmake/4.3#platform"
    ],
    "python_requires": [],
    "config_requires": []
}
