{
    "version": "0.5",
    "requires": [
        "fmt/12.1.0#50abab23274d56bb8f42c94b3b9a40c7%1761885265.231",
        "catch2/3.12.0#0477ac73ea43866eb7168f6030b6b591%1767110219.015"
    ],
    "build_requires": [
        "cmake/4.2.1#951586eff155256a7b5298631d6b1416%1765387599.255"
    ],
    "python_requires": [],
    "config_requires": []
}
